// !$*UTF8*$!
{
	archiveVersion = 1;
	classes = {
	};
	objectVersion = 46;
	objects = {

/* Begin PBXBuildFile section */
		70392F2D1DBB6EF800D738FD /* AppDelegate.swift in Sources */ = {isa = PBXBuildFile; fileRef = 70392F2C1DBB6EF800D738FD /* AppDelegate.swift */; };
		70392F2F1DBB6EF800D738FD /* GridFixedSizeVC.swift in Sources */ = {isa = PBXBuildFile; fileRef = 70392F2E1DBB6EF800D738FD /* GridFixedSizeVC.swift */; };
		70392F341DBB6EF800D738FD /* Main.storyboard in Resources */ = {isa = PBXBuildFile; fileRef = 70392F321DBB6EF800D738FD /* Main.storyboard */; };
		70392F361DBB6EF800D738FD /* Assets.xcassets in Resources */ = {isa = PBXBuildFile; fileRef = 70392F351DBB6EF800D738FD /* Assets.xcassets */; };
		70392F391DBB6EF800D738FD /* LaunchScreen.storyboard in Resources */ = {isa = PBXBuildFile; fileRef = 70392F371DBB6EF800D738FD /* LaunchScreen.storyboard */; };
		70392F411DBB708C00D738FD /* WaterfallContentAwareVC.swift in Sources */ = {isa = PBXBuildFile; fileRef = 70392F401DBB708C00D738FD /* WaterfallContentAwareVC.swift */; };
		70392F4D1DBB73FE00D738FD /* NoteCVCell.swift in Sources */ = {isa = PBXBuildFile; fileRef = 70392F4B1DBB73FE00D738FD /* NoteCVCell.swift */; };
		70392F501DBB742500D738FD /* NoteCVCell.xib in Resources */ = {isa = PBXBuildFile; fileRef = 70392F4F1DBB742500D738FD /* NoteCVCell.xib */; };
		70392F521DBB757D00D738FD /* NotesDatasource.swift in Sources */ = {isa = PBXBuildFile; fileRef = 70392F511DBB757D00D738FD /* NotesDatasource.swift */; };
		70392F5A1DBBF7A300D738FD /* GridDeviceAdaptedSizeVC.swift in Sources */ = {isa = PBXBuildFile; fileRef = 70392F591DBBF7A300D738FD /* GridDeviceAdaptedSizeVC.swift */; };
		70392F621DBC2FDC00D738FD /* WaterfallLayout.swift in Sources */ = {isa = PBXBuildFile; fileRef = 70392F611DBC2FDC00D738FD /* WaterfallLayout.swift */; };
/* End PBXBuildFile section */

/* Begin PBXFileReference section */
		70392F291DBB6EF800D738FD /* CollectionViewLayouts.app */ = {isa = PBXFileReference; explicitFileType = wrapper.application; includeInIndex = 0; path = CollectionViewLayouts.app; sourceTree = BUILT_PRODUCTS_DIR; };
		70392F2C1DBB6EF800D738FD /* AppDelegate.swift */ = {isa = PBXFileReference; lastKnownFileType = sourcecode.swift; path = AppDelegate.swift; sourceTree = "<group>"; };
		70392F2E1DBB6EF800D738FD /* GridFixedSizeVC.swift */ = {isa = PBXFileReference; lastKnownFileType = sourcecode.swift; path = GridFixedSizeVC.swift; sourceTree = "<group>"; };
		70392F331DBB6EF800D738FD /* Base */ = {isa = PBXFileReference; lastKnownFileType = file.storyboard; name = Base; path = Base.lproj/Main.storyboard; sourceTree = "<group>"; };
		70392F351DBB6EF800D738FD /* Assets.xcassets */ = {isa = PBXFileReference; lastKnownFileType = folder.assetcatalog; path = Assets.xcassets; sourceTree = "<group>"; };
		70392F381DBB6EF800D738FD /* Base */ = {isa = PBXFileReference; lastKnownFileType = file.storyboard; name = Base; path = Base.lproj/LaunchScreen.storyboard; sourceTree = "<group>"; };
		70392F3A1DBB6EF800D738FD /* Info.plist */ = {isa = PBXFileReference; lastKnownFileType = text.plist.xml; path = Info.plist; sourceTree = "<group>"; };
		70392F401DBB708C00D738FD /* WaterfallContentAwareVC.swift */ = {isa = PBXFileReference; fileEncoding = 4; lastKnownFileType = sourcecode.swift; path = WaterfallContentAwareVC.swift; sourceTree = "<group>"; };
		70392F4B1DBB73FE00D738FD /* NoteCVCell.swift */ = {isa = PBXFileReference; fileEncoding = 4; lastKnownFileType = sourcecode.swift; path = NoteCVCell.swift; sourceTree = "<group>"; };
		70392F4F1DBB742500D738FD /* NoteCVCell.xib */ = {isa = PBXFileReference; fileEncoding = 4; lastKnownFileType = file.xib; path = NoteCVCell.xib; sourceTree = "<group>"; };
		70392F511DBB757D00D738FD /* NotesDatasource.swift */ = {isa = PBXFileReference; fileEncoding = 4; lastKnownFileType = sourcecode.swift; path = NotesDatasource.swift; sourceTree = "<group>"; };
		70392F591DBBF7A300D738FD /* GridDeviceAdaptedSizeVC.swift */ = {isa = PBXFileReference; fileEncoding = 4; lastKnownFileType = sourcecode.swift; path = GridDeviceAdaptedSizeVC.swift; sourceTree = "<group>"; };
		70392F611DBC2FDC00D738FD /* WaterfallLayout.swift */ = {isa = PBXFileReference; fileEncoding = 4; lastKnownFileType = sourcecode.swift; path = WaterfallLayout.swift; sourceTree = "<group>"; };
/* End PBXFileReference section */

/* Begin PBXFrameworksBuildPhase section */
		70392F261DBB6EF800D738FD /* Frameworks */ = {
			isa = PBXFrameworksBuildPhase;
			buildActionMask = 2147483647;
			files = (
			);
			runOnlyForDeploymentPostprocessing = 0;
		};
/* End PBXFrameworksBuildPhase section */

/* Begin PBXGroup section */
		70392F201DBB6EF800D738FD = {
			isa = PBXGroup;
			children = (
				70392F2B1DBB6EF800D738FD /* CollectionViewLayouts */,
				70392F2A1DBB6EF800D738FD /* Products */,
			);
			sourceTree = "<group>";
		};
		70392F2A1DBB6EF800D738FD /* Products */ = {
			isa = PBXGroup;
			children = (
				70392F291DBB6EF800D738FD /* CollectionViewLayouts.app */,
			);
			name = Products;
			sourceTree = "<group>";
		};
		70392F2B1DBB6EF800D738FD /* CollectionViewLayouts */ = {
			isa = PBXGroup;
			children = (
				70392F451DBB72CC00D738FD /* Layouts */,
				70392F461DBB72EB00D738FD /* Views */,
				70392F441DBB72C000D738FD /* Datasources */,
				70392F421DBB72A100D738FD /* Controllers */,
				70392F2C1DBB6EF800D738FD /* AppDelegate.swift */,
				70392F321DBB6EF800D738FD /* Main.storyboard */,
				70392F351DBB6EF800D738FD /* Assets.xcassets */,
				70392F371DBB6EF800D738FD /* LaunchScreen.storyboard */,
				70392F3A1DBB6EF800D738FD /* Info.plist */,
			);
			path = CollectionViewLayouts;
			sourceTree = "<group>";
		};
		70392F421DBB72A100D738FD /* Controllers */ = {
			isa = PBXGroup;
			children = (
				70392F2E1DBB6EF800D738FD /* GridFixedSizeVC.swift */,
				70392F591DBBF7A300D738FD /* GridDeviceAdaptedSizeVC.swift */,
				70392F401DBB708C00D738FD /* WaterfallContentAwareVC.swift */,
			);
			name = Controllers;
			sourceTree = "<group>";
		};
		70392F441DBB72C000D738FD /* Datasources */ = {
			isa = PBXGroup;
			children = (
				70392F511DBB757D00D738FD /* NotesDatasource.swift */,
			);
			name = Datasources;
			sourceTree = "<group>";
		};
		70392F451DBB72CC00D738FD /* Layouts */ = {
			isa = PBXGroup;
			children = (
				70392F611DBC2FDC00D738FD /* WaterfallLayout.swift */,
			);
			name = Layouts;
			sourceTree = "<group>";
		};
		70392F461DBB72EB00D738FD /* Views */ = {
			isa = PBXGroup;
			children = (
				70392F4B1DBB73FE00D738FD /* NoteCVCell.swift */,
				70392F4F1DBB742500D738FD /* NoteCVCell.xib */,
			);
			name = Views;
			sourceTree = "<group>";
		};
/* End PBXGroup section */

/* Begin PBXNativeTarget section */
		70392F281DBB6EF800D738FD /* CollectionViewLayouts */ = {
			isa = PBXNativeTarget;
			buildConfigurationList = 70392F3D1DBB6EF800D738FD /* Build configuration list for PBXNativeTarget "CollectionViewLayouts" */;
			buildPhases = (
				70392F251DBB6EF800D738FD /* Sources */,
				70392F261DBB6EF800D738FD /* Frameworks */,
				70392F271DBB6EF800D738FD /* Resources */,
			);
			buildRules = (
			);
			dependencies = (
			);
			name = CollectionViewLayouts;
			productName = CollectionViewLayouts;
			productReference = 70392F291DBB6EF800D738FD /* CollectionViewLayouts.app */;
			productType = "com.apple.product-type.application";
		};
/* End PBXNativeTarget section */

/* Begin PBXProject section */
		70392F211DBB6EF800D738FD /* Project object */ = {
			isa = PBXProject;
			attributes = {
				LastSwiftUpdateCheck = 0800;
				LastUpgradeCheck = 0800;
				ORGANIZATIONNAME = MY;
				TargetAttributes = {
					70392F281DBB6EF800D738FD = {
						CreatedOnToolsVersion = 8.0;
						ProvisioningStyle = Automatic;
					};
				};
			};
			buildConfigurationList = 70392F241DBB6EF800D738FD /* Build configuration list for PBXProject "CollectionViewLayouts" */;
			compatibilityVersion = "Xcode 3.2";
			developmentRegion = English;
			hasScannedForEncodings = 0;
			knownRegions = (
				en,
				Base,
			);
			mainGroup = 70392F201DBB6EF800D738FD;
			productRefGroup = 70392F2A1DBB6EF800D738FD /* Products */;
			projectDirPath = "";
			projectRoot = "";
			targets = (
				70392F281DBB6EF800D738FD /* CollectionViewLayouts */,
			);
		};
/* End PBXProject section */

/* Begin PBXResourcesBuildPhase section */
		70392F271DBB6EF800D738FD /* Resources */ = {
			isa = PBXResourcesBuildPhase;
			buildActionMask = 2147483647;
			files = (
				70392F391DBB6EF800D738FD /* LaunchScreen.storyboard in Resources */,
				70392F361DBB6EF800D738FD /* Assets.xcassets in Resources */,
				70392F501DBB742500D738FD /* NoteCVCell.xib in Resources */,
				70392F341DBB6EF800D738FD /* Main.storyboard in Resources */,
			);
			runOnlyForDeploymentPostprocessing = 0;
		};
/* End PBXResourcesBuildPhase section */

/* Begin PBXSourcesBuildPhase section */
		70392F251DBB6EF800D738FD /* Sources */ = {
			isa = PBXSourcesBuildPhase;
			buildActionMask = 2147483647;
			files = (
				70392F621DBC2FDC00D738FD /* WaterfallLayout.swift in Sources */,
				70392F521DBB757D00D738FD /* NotesDatasource.swift in Sources */,
				70392F411DBB708C00D738FD /* WaterfallContentAwareVC.swift in Sources */,
				70392F2D1DBB6EF800D738FD /* AppDelegate.swift in Sources */,
				70392F4D1DBB73FE00D738FD /* NoteCVCell.swift in Sources */,
				70392F5A1DBBF7A300D738FD /* GridDeviceAdaptedSizeVC.swift in Sources */,
				70392F2F1DBB6EF800D738FD /* GridFixedSizeVC.swift in Sources */,
			);
			runOnlyForDeploymentPostprocessing = 0;
		};
/* End PBXSourcesBuildPhase section */

/* Begin PBXVariantGroup section */
		70392F321DBB6EF800D738FD /* Main.storyboard */ = {
			isa = PBXVariantGroup;
			children = (
				70392F331DBB6EF800D738FD /* Base */,
			);
			name = Main.storyboard;
			sourceTree = "<group>";
		};
		70392F371DBB6EF800D738FD /* LaunchScreen.storyboard */ = {
			isa = PBXVariantGroup;
			children = (
				70392F381DBB6EF800D738FD /* Base */,
			);
			name = LaunchScreen.storyboard;
			sourceTree = "<group>";
		};
/* End PBXVariantGroup section */

/* Begin XCBuildConfiguration section */
		70392F3B1DBB6EF800D738FD /* Debug */ = {
			isa = XCBuildConfiguration;
			buildSettings = {
				ALWAYS_SEARCH_USER_PATHS = NO;
				CLANG_ANALYZER_NONNULL = YES;
				CLANG_CXX_LANGUAGE_STANDARD = "gnu++0x";
				CLANG_CXX_LIBRARY = "libc++";
				CLANG_ENABLE_MODULES = YES;
				CLANG_ENABLE_OBJC_ARC = YES;
				CLANG_WARN_BOOL_CONVERSION = YES;
				CLANG_WARN_CONSTANT_CONVERSION = YES;
				CLANG_WARN_DIRECT_OBJC_ISA_USAGE = YES_ERROR;
				CLANG_WARN_DOCUMENTATION_COMMENTS = YES;
				CLANG_WARN_EMPTY_BODY = YES;
				CLANG_WARN_ENUM_CONVERSION = YES;
				CLANG_WARN_INFINITE_RECURSION = YES;
				CLANG_WARN_INT_CONVERSION = YES;
				CLANG_WARN_OBJC_ROOT_CLASS = YES_ERROR;
				CLANG_WARN_SUSPICIOUS_MOVES = YES;
				CLANG_WARN_UNREACHABLE_CODE = YES;
				CLANG_WARN__DUPLICATE_METHOD_MATCH = YES;
				"CODE_SIGN_IDENTITY[sdk=iphoneos*]" = "iPhone Developer";
				COPY_PHASE_STRIP = NO;
				DEBUG_INFORMATION_FORMAT = dwarf;
				ENABLE_STRICT_OBJC_MSGSEND = YES;
				ENABLE_TESTABILITY = YES;
				GCC_C_LANGUAGE_STANDARD = gnu99;
				GCC_DYNAMIC_NO_PIC = NO;
				GCC_NO_COMMON_BLOCKS = YES;
				GCC_OPTIMIZATION_LEVEL = 0;
				GCC_PREPROCESSOR_DEFINITIONS = (
					"DEBUG=1",
					"$(inherited)",
				);
				GCC_WARN_64_TO_32_BIT_CONVERSION = YES;
				GCC_WARN_ABOUT_RETURN_TYPE = YES_ERROR;
				GCC_WARN_UNDECLARED_SELECTOR = YES;
				GCC_WARN_UNINITIALIZED_AUTOS = YES_AGGRESSIVE;
				GCC_WARN_UNUSED_FUNCTION = YES;
				GCC_WARN_UNUSED_VARIABLE = YES;
				IPHONEOS_DEPLOYMENT_TARGET = 10.0;
				MTL_ENABLE_DEBUG_INFO = YES;
				ONLY_ACTIVE_ARCH = YES;
				SDKROOT = iphoneos;
				SWIFT_ACTIVE_COMPILATION_CONDITIONS = DEBUG;
				SWIFT_OPTIMIZATION_LEVEL = "-Onone";
				TARGETED_DEVICE_FAMILY = "1,2";
			};
			name = Debug;
		};
		70392F3C1DBB6EF800D738FD /* Release */ = {
			isa = XCBuildConfiguration;
			buildSettings = {
				ALWAYS_SEARCH_USER_PATHS = NO;
				CLANG_ANALYZER_NONNULL = YES;
				CLANG_CXX_LANGUAGE_STANDARD = "gnu++0x";
				CLANG_CXX_LIBRARY = "libc++";
				CLANG_ENABLE_MODULES = YES;
				CLANG_ENABLE_OBJC_ARC = YES;
				CLANG_WARN_BOOL_CONVERSION = YES;
				CLANG_WARN_CONSTANT_CONVERSION = YES;
				CLANG_WARN_DIRECT_OBJC_ISA_USAGE = YES_ERROR;
				CLANG_WARN_DOCUMENTATION_COMMENTS = YES;
				CLANG_WARN_EMPTY_BODY = YES;
				CLANG_WARN_ENUM_CONVERSION = YES;
				CLANG_WARN_INFINITE_RECURSION = YES;
				CLANG_WARN_INT_CONVERSION = YES;
				CLANG_WARN_OBJC_ROOT_CLASS = YES_ERROR;
				CLANG_WARN_SUSPICIOUS_MOVES = YES;
				CLANG_WARN_UNREACHABLE_CODE = YES;
				CLANG_WARN__DUPLICATE_METHOD_MATCH = YES;
				"CODE_SIGN_IDENTITY[sdk=iphoneos*]" = "iPhone Developer";
				COPY_PHASE_STRIP = NO;
				DEBUG_INFORMATION_FORMAT = "dwarf-with-dsym";
				ENABLE_NS_ASSERTIONS = NO;
				ENABLE_STRICT_OBJC_MSGSEND = YES;
				GCC_C_LANGUAGE_STANDARD = gnu99;
				GCC_NO_COMMON_BLOCKS = YES;
				GCC_WARN_64_TO_32_BIT_CONVERSION = YES;
				GCC_WARN_ABOUT_RETURN_TYPE = YES_ERROR;
				GCC_WARN_UNDECLARED_SELECTOR = YES;
				GCC_WARN_UNINITIALIZED_AUTOS = YES_AGGRESSIVE;
				GCC_WARN_UNUSED_FUNCTION = YES;
				GCC_WARN_UNUSED_VARIABLE = YES;
				IPHONEOS_DEPLOYMENT_TARGET = 10.0;
				MTL_ENABLE_DEBUG_INFO = NO;
				SDKROOT = iphoneos;
				SWIFT_OPTIMIZATION_LEVEL = "-Owholemodule";
				TARGETED_DEVICE_FAMILY = "1,2";
				VALIDATE_PRODUCT = YES;
			};
			name = Release;
		};
		70392F3E1DBB6EF800D738FD /* Debug */ = {
			isa = XCBuildConfiguration;
			buildSettings = {
				ASSETCATALOG_COMPILER_APPICON_NAME = AppIcon;
				INFOPLIST_FILE = CollectionViewLayouts/Info.plist;
				LD_RUNPATH_SEARCH_PATHS = "$(inherited) @executable_path/Frameworks";
				PRODUCT_BUNDLE_IDENTIFIER = MY.CollectionViewLayouts;
				PRODUCT_NAME = "$(TARGET_NAME)";
				SWIFT_VERSION = 3.0;
			};
			name = Debug;
		};
		70392F3F1DBB6EF800D738FD /* Release */ = {
			isa = XCBuildConfiguration;
			buildSettings = {
				ASSETCATALOG_COMPILER_APPICON_NAME = AppIcon;
				INFOPLIST_FILE = CollectionViewLayouts/Info.plist;
				LD_RUNPATH_SEARCH_PATHS = "$(inherited) @executable_path/Frameworks";
				PRODUCT_BUNDLE_IDENTIFIER = MY.CollectionViewLayouts;
				PRODUCT_NAME = "$(TARGET_NAME)";
				SWIFT_VERSION = 3.0;
			};
			name = Release;
		};
/* End XCBuildConfiguration section */

/* Begin XCConfigurationList section */
		70392F241DBB6EF800D738FD /* Build configuration list for PBXProject "CollectionViewLayouts" */ = {
			isa = XCConfigurationList;
			buildConfigurations = (
				70392F3B1DBB6EF800D738FD /* Debug */,
				70392F3C1DBB6EF800D738FD /* Release */,
			);
			defaultConfigurationIsVisible = 0;
			defaultConfigurationName = Release;
		};
		70392F3D1DBB6EF800D738FD /* Build configuration list for PBXNativeTarget "CollectionViewLayouts" */ = {
			isa = XCConfigurationList;
			buildConfigurations = (
				70392F3E1DBB6EF800D738FD /* Debug */,
				70392F3F1DBB6EF800D738FD /* Release */,
			);
			defaultConfigurationIsVisible = 0;
		};
/* End XCConfigurationList section */
	};
	rootObject = 70392F211DBB6EF800D738FD /* Project object */;
}
